
Microsoft Visual Studio Solution File, Format Version 12.00
# Visual Studio Version 16
VisualStudioVersion = 16.0.28803.202
MinimumVisualStudioVersion = 10.0.40219.1
Project("{9A19103F-16F7-4668-BE54-9A1E7A4F7556}") = "SpotifaiStandard", "SpotifaiStandard\SpotifaiStandard.csproj", "{FC1A4961-B758-4383-8E19-A6944F12E0BA}"
EndProject
Project("{FAE04EC0-301F-11D3-BF4B-00C04F79EFBC}") = "SpotifaiDesktop", "SpotifaiDesktop\SpotifaiDesktop.csproj", "{4F9EBABB-A4B4-46E6-AB71-861177671A66}"
EndProject
Project("{FAE04EC0-301F-11D3-BF4B-00C04F79EFBC}") = "SpotifaiUWP", "SpotifaiUWP\SpotifaiUWP.csproj", "{1F204221-A32F-4EE4-93BE-2DD43F617A2F}"
EndProject
Project("{FAE04EC0-301F-11D3-BF4B-00C04F79EFBC}") = "SpotifaiMobile.Android", "SpotifaiMobile\SpotifaiMobile.Android\SpotifaiMobile.Android.csproj", "{46F82A38-8234-457D-8A38-BC4F7DC43F76}"
EndProject
Project("{FAE04EC0-301F-11D3-BF4B-00C04F79EFBC}") = "SpotifaiMobile.iOS", "SpotifaiMobile\SpotifaiMobile.iOS\SpotifaiMobile.iOS.csproj", "{E950B27A-27E5-4499-8291-7E7C81F37587}"
EndProject
Project("{FAE04EC0-301F-11D3-BF4B-00C04F79EFBC}") = "SpotifaiMobile", "SpotifaiMobile\SpotifaiMobile\SpotifaiMobile.csproj", "{CC3990E9-3814-4509-9EF6-617AAAA14D8B}"
EndProject
Global
	GlobalSection(SolutionConfigurationPlatforms) = preSolution
		Debug|Any CPU = Debug|Any CPU
		Debug|ARM = Debug|ARM
		Debug|ARM64 = Debug|ARM64
		Debug|iPhone = Debug|iPhone
		Debug|iPhoneSimulator = Debug|iPhoneSimulator
		Debug|x64 = Debug|x64
		Debug|x86 = Debug|x86
		Release|Any CPU = Release|Any CPU
		Release|ARM = Release|ARM
		Release|ARM64 = Release|ARM64
		Release|iPhone = Release|iPhone
		Release|iPhoneSimulator = Release|iPhoneSimulator
		Release|x64 = Release|x64
		Release|x86 = Release|x86
	EndGlobalSection
	GlobalSection(ProjectConfigurationPlatforms) = postSolution
		{FC1A4961-B758-4383-8E19-A6944F12E0BA}.Debug|Any CPU.ActiveCfg = Debug|Any CPU
		{FC1A4961-B758-4383-8E19-A6944F12E0BA}.Debug|Any CPU.Build.0 = Debug|Any CPU
		{FC1A4961-B758-4383-8E19-A6944F12E0BA}.Debug|ARM.ActiveCfg = Debug|Any CPU
		{FC1A4961-B758-4383-8E19-A6944F12E0BA}.Debug|ARM.Build.0 = Debug|Any CPU
		{FC1A4961-B758-4383-8E19-A6944F12E0BA}.Debug|ARM64.ActiveCfg = Debug|Any CPU
		{FC1A4961-B758-4383-8E19-A6944F12E0BA}.Debug|ARM64.Build.0 = Debug|Any CPU
		{FC1A4961-B758-4383-8E19-A6944F12E0BA}.Debug|iPhone.ActiveCfg = Debug|Any CPU
		{FC1A4961-B758-4383-8E19-A6944F12E0BA}.Debug|iPhone.Build.0 = Debug|Any CPU
		{FC1A4961-B758-4383-8E19-A6944F12E0BA}.Debug|iPhoneSimulator.ActiveCfg = Debug|Any CPU
		{FC1A4961-B758-4383-8E19-A6944F12E0BA}.Debug|iPhoneSimulator.Build.0 = Debug|Any CPU
		{FC1A4961-B758-4383-8E19-A6944F12E0BA}.Debug|x64.ActiveCfg = Debug|Any CPU
		{FC1A4961-B758-4383-8E19-A6944F12E0BA}.Debug|x64.Build.0 = Debug|Any CPU
		{FC1A4961-B758-4383-8E19-A6944F12E0BA}.Debug|x86.ActiveCfg = Debug|Any CPU
		{FC1A4961-B758-4383-8E19-A6944F12E0BA}.Debug|x86.Build.0 = Debug|Any CPU
		{FC1A4961-B758-4383-8E19-A6944F12E0BA}.Release|Any CPU.ActiveCfg = Release|Any CPU
		{FC1A4961-B758-4383-8E19-A6944F12E0BA}.Release|Any CPU.Build.0 = Release|Any CPU
		{FC1A4961-B758-4383-8E19-A6944F12E0BA}.Release|ARM.ActiveCfg = Release|Any CPU
		{FC1A4961-B758-4383-8E19-A6944F12E0BA}.Release|ARM.Build.0 = Release|Any CPU
		{FC1A4961-B758-4383-8E19-A6944F12E0BA}.Release|ARM64.ActiveCfg = Release|Any CPU
		{FC1A4961-B758-4383-8E19-A6944F12E0BA}.Release|ARM64.Build.0 = Release|Any CPU
		{FC1A4961-B758-4383-8E19-A6944F12E0BA}.Release|iPhone.ActiveCfg = Release|Any CPU
		{FC1A4961-B758-4383-8E19-A6944F12E0BA}.Release|iPhone.Build.0 = Release|Any CPU
		{FC1A4961-B758-4383-8E19-A6944F12E0BA}.Release|iPhoneSimulator.ActiveCfg = Release|Any CPU
		{FC1A4961-B758-4383-8E19-A6944F12E0BA}.Release|iPhoneSimulator.Build.0 = Release|Any CPU
		{FC1A4961-B758-4383-8E19-A6944F12E0BA}.Release|x64.ActiveCfg = Release|Any CPU
		{FC1A4961-B758-4383-8E19-A6944F12E0BA}.Release|x64.Build.0 = Release|Any CPU
		{FC1A4961-B758-4383-8E19-A6944F12E0BA}.Release|x86.ActiveCfg = Release|Any CPU
		{FC1A4961-B758-4383-8E19-A6944F12E0BA}.Release|x86.Build.0 = Release|Any CPU
		{4F9EBABB-A4B4-46E6-AB71-861177671A66}.Debug|Any CPU.ActiveCfg = Debug|Any CPU
		{4F9EBABB-A4B4-46E6-AB71-861177671A66}.Debug|Any CPU.Build.0 = Debug|Any CPU
		{4F9EBABB-A4B4-46E6-AB71-861177671A66}.Debug|ARM.ActiveCfg = Debug|Any CPU
		{4F9EBABB-A4B4-46E6-AB71-861177671A66}.Debug|ARM.Build.0 = Debug|Any CPU
		{4F9EBABB-A4B4-46E6-AB71-861177671A66}.Debug|ARM64.ActiveCfg = Debug|Any CPU
		{4F9EBABB-A4B4-46E6-AB71-861177671A66}.Debug|ARM64.Build.0 = Debug|Any CPU
		{4F9EBABB-A4B4-46E6-AB71-861177671A66}.Debug|iPhone.ActiveCfg = Debug|Any CPU
		{4F9EBABB-A4B4-46E6-AB71-861177671A66}.Debug|iPhone.Build.0 = Debug|Any CPU
		{4F9EBABB-A4B4-46E6-AB71-861177671A66}.Debug|iPhoneSimulator.ActiveCfg = Debug|Any CPU
		{4F9EBABB-A4B4-46E6-AB71-861177671A66}.Debug|iPhoneSimulator.Build.0 = Debug|Any CPU
		{4F9EBABB-A4B4-46E6-AB71-861177671A66}.Debug|x64.ActiveCfg = Debug|Any CPU
		{4F9EBABB-A4B4-46E6-AB71-861177671A66}.Debug|x64.Build.0 = Debug|Any CPU
		{4F9EBABB-A4B4-46E6-AB71-861177671A66}.Debug|x86.ActiveCfg = Debug|Any CPU
		{4F9EBABB-A4B4-46E6-AB71-861177671A66}.Debug|x86.Build.0 = Debug|Any CPU
		{4F9EBABB-A4B4-46E6-AB71-861177671A66}.Release|Any CPU.ActiveCfg = Release|Any CPU
		{4F9EBABB-A4B4-46E6-AB71-861177671A66}.Release|Any CPU.Build.0 = Release|Any CPU
		{4F9EBABB-A4B4-46E6-AB71-861177671A66}.Release|ARM.ActiveCfg = Release|Any CPU
		{4F9EBABB-A4B4-46E6-AB71-861177671A66}.Release|ARM.Build.0 = Release|Any CPU
		{4F9EBABB-A4B4-46E6-AB71-861177671A66}.Release|ARM64.ActiveCfg = Release|Any CPU
		{4F9EBABB-A4B4-46E6-AB71-861177671A66}.Release|ARM64.Build.0 = Release|Any CPU
		{4F9EBABB-A4B4-46E6-AB71-861177671A66}.Release|iPhone.ActiveCfg = Release|Any CPU
		{4F9EBABB-A4B4-46E6-AB71-861177671A66}.Release|iPhone.Build.0 = Release|Any CPU
		{4F9EBABB-A4B4-46E6-AB71-861177671A66}.Release|iPhoneSimulator.ActiveCfg = Release|Any CPU
		{4F9EBABB-A4B4-46E6-AB71-861177671A66}.Release|iPhoneSimulator.Build.0 = Release|Any CPU
		{4F9EBABB-A4B4-46E6-AB71-861177671A66}.Release|x64.ActiveCfg = Release|Any CPU
		{4F9EBABB-A4B4-46E6-AB71-861177671A66}.Release|x64.Build.0 = Release|Any CPU
		{4F9EBABB-A4B4-46E6-AB71-861177671A66}.Release|x86.ActiveCfg = Release|Any CPU
		{4F9EBABB-A4B4-46E6-AB71-861177671A66}.Release|x86.Build.0 = Release|Any CPU
		{1F204221-A32F-4EE4-93BE-2DD43F617A2F}.Debug|Any CPU.ActiveCfg = Debug|x86
		{1F204221-A32F-4EE4-93BE-2DD43F617A2F}.Debug|ARM.ActiveCfg = Debug|ARM
		{1F204221-A32F-4EE4-93BE-2DD43F617A2F}.Debug|ARM.Build.0 = Debug|ARM
		{1F204221-A32F-4EE4-93BE-2DD43F617A2F}.Debug|ARM.Deploy.0 = Debug|ARM
		{1F204221-A32F-4EE4-93BE-2DD43F617A2F}.Debug|ARM64.ActiveCfg = Debug|ARM64
		{1F204221-A32F-4EE4-93BE-2DD43F617A2F}.Debug|ARM64.Build.0 = Debug|ARM64
		{1F204221-A32F-4EE4-93BE-2DD43F617A2F}.Debug|ARM64.Deploy.0 = Debug|ARM64
		{1F204221-A32F-4EE4-93BE-2DD43F617A2F}.Debug|iPhone.ActiveCfg = Debug|x86
		{1F204221-A32F-4EE4-93BE-2DD43F617A2F}.Debug|iPhoneSimulator.ActiveCfg = Debug|x86
		{1F204221-A32F-4EE4-93BE-2DD43F617A2F}.Debug|x64.ActiveCfg = Debug|x64
		{1F204221-A32F-4EE4-93BE-2DD43F617A2F}.Debug|x64.Build.0 = Debug|x64
		{1F204221-A32F-4EE4-93BE-2DD43F617A2F}.Debug|x64.Deploy.0 = Debug|x64
		{1F204221-A32F-4EE4-93BE-2DD43F617A2F}.Debug|x86.ActiveCfg = Debug|x86
		{1F204221-A32F-4EE4-93BE-2DD43F617A2F}.Debug|x86.Build.0 = Debug|x86
		{1F204221-A32F-4EE4-93BE-2DD43F617A2F}.Debug|x86.Deploy.0 = Debug|x86
		{1F204221-A32F-4EE4-93BE-2DD43F617A2F}.Release|Any CPU.ActiveCfg = Release|x86
		{1F204221-A32F-4EE4-93BE-2DD43F617A2F}.Release|ARM.ActiveCfg = Release|ARM
		{1F204221-A32F-4EE4-93BE-2DD43F617A2F}.Release|ARM.Build.0 = Release|ARM
		{1F204221-A32F-4EE4-93BE-2DD43F617A2F}.Release|ARM.Deploy.0 = Release|ARM
		{1F204221-A32F-4EE4-93BE-2DD43F617A2F}.Release|ARM64.ActiveCfg = Release|ARM64
		{1F204221-A32F-4EE4-93BE-2DD43F617A2F}.Release|ARM64.Build.0 = Release|ARM64
		{1F204221-A32F-4EE4-93BE-2DD43F617A2F}.Release|ARM64.Deploy.0 = Release|ARM64
		{1F204221-A32F-4EE4-93BE-2DD43F617A2F}.Release|iPhone.ActiveCfg = Release|x86
		{1F204221-A32F-4EE4-93BE-2DD43F617A2F}.Release|iPhoneSimulator.ActiveCfg = Release|x86
		{1F204221-A32F-4EE4-93BE-2DD43F617A2F}.Release|x64.ActiveCfg = Release|x64
		{1F204221-A32F-4EE4-93BE-2DD43F617A2F}.Release|x64.Build.0 = Release|x64
		{1F204221-A32F-4EE4-93BE-2DD43F617A2F}.Release|x64.Deploy.0 = Release|x64
		{1F204221-A32F-4EE4-93BE-2DD43F617A2F}.Release|x86.ActiveCfg = Release|x86
		{1F204221-A32F-4EE4-93BE-2DD43F617A2F}.Release|x86.Build.0 = Release|x86
		{1F204221-A32F-4EE4-93BE-2DD43F617A2F}.Release|x86.Deploy.0 = Release|x86
		{46F82A38-8234-457D-8A38-BC4F7DC43F76}.Debug|Any CPU.ActiveCfg = Debug|Any CPU
		{46F82A38-8234-457D-8A38-BC4F7DC43F76}.Debug|Any CPU.Build.0 = Debug|Any CPU
		{46F82A38-8234-457D-8A38-BC4F7DC43F76}.Debug|Any CPU.Deploy.0 = Debug|Any CPU
		{46F82A38-8234-457D-8A38-BC4F7DC43F76}.Debug|ARM.ActiveCfg = Debug|Any CPU
		{46F82A38-8234-457D-8A38-BC4F7DC43F76}.Debug|ARM.Build.0 = Debug|Any CPU
		{46F82A38-8234-457D-8A38-BC4F7DC43F76}.Debug|ARM.Deploy.0 = Debug|Any CPU
		{46F82A38-8234-457D-8A38-BC4F7DC43F76}.Debug|ARM64.ActiveCfg = Debug|Any CPU
		{46F82A38-8234-457D-8A38-BC4F7DC43F76}.Debug|ARM64.Build.0 = Debug|Any CPU
		{46F82A38-8234-457D-8A38-BC4F7DC43F76}.Debug|ARM64.Deploy.0 = Debug|Any CPU
		{46F82A38-8234-457D-8A38-BC4F7DC43F76}.Debug|iPhone.ActiveCfg = Debug|Any CPU
		{46F82A38-8234-457D-8A38-BC4F7DC43F76}.Debug|iPhone.Build.0 = Debug|Any CPU
		{46F82A38-8234-457D-8A38-BC4F7DC43F76}.Debug|iPhone.Deploy.0 = Debug|Any CPU
		{46F82A38-8234-457D-8A38-BC4F7DC43F76}.Debug|iPhoneSimulator.ActiveCfg = Debug|Any CPU
		{46F82A38-8234-457D-8A38-BC4F7DC43F76}.Debug|iPhoneSimulator.Build.0 = Debug|Any CPU
		{46F82A38-8234-457D-8A38-BC4F7DC43F76}.Debug|iPhoneSimulator.Deploy.0 = Debug|Any CPU
		{46F82A38-8234-457D-8A38-BC4F7DC43F76}.Debug|x64.ActiveCfg = Debug|Any CPU
		{46F82A38-8234-457D-8A38-BC4F7DC43F76}.Debug|x64.Build.0 = Debug|Any CPU
		{46F82A38-8234-457D-8A38-BC4F7DC43F76}.Debug|x64.Deploy.0 = Debug|Any CPU
		{46F82A38-8234-457D-8A38-BC4F7DC43F76}.Debug|x86.ActiveCfg = Debug|Any CPU
		{46F82A38-8234-457D-8A38-BC4F7DC43F76}.Debug|x86.Build.0 = Debug|Any CPU
		{46F82A38-8234-457D-8A38-BC4F7DC43F76}.Debug|x86.Deploy.0 = Debug|Any CPU
		{46F82A38-8234-457D-8A38-BC4F7DC43F76}.Release|Any CPU.ActiveCfg = Release|Any CPU
		{46F82A38-8234-457D-8A38-BC4F7DC43F76}.Release|Any CPU.Build.0 = Release|Any CPU
		{46F82A38-8234-457D-8A38-BC4F7DC43F76}.Release|Any CPU.Deploy.0 = Release|Any CPU
		{46F82A38-8234-457D-8A38-BC4F7DC43F76}.Release|ARM.ActiveCfg = Release|Any CPU
		{46F82A38-8234-457D-8A38-BC4F7DC43F76}.Release|ARM.Build.0 = Release|Any CPU
		{46F82A38-8234-457D-8A38-BC4F7DC43F76}.Release|ARM.Deploy.0 = Release|Any CPU
		{46F82A38-8234-457D-8A38-BC4F7DC43F76}.Release|ARM64.ActiveCfg = Release|Any CPU
		{46F82A38-8234-457D-8A38-BC4F7DC43F76}.Release|ARM64.Build.0 = Release|Any CPU
		{46F82A38-8234-457D-8A38-BC4F7DC43F76}.Release|ARM64.Deploy.0 = Release|Any CPU
		{46F82A38-8234-457D-8A38-BC4F7DC43F76}.Release|iPhone.ActiveCfg = Release|Any CPU
		{46F82A38-8234-457D-8A38-BC4F7DC43F76}.Release|iPhone.Build.0 = Release|Any CPU
		{46F82A38-8234-457D-8A38-BC4F7DC43F76}.Release|iPhone.Deploy.0 = Release|Any CPU
		{46F82A38-8234-457D-8A38-BC4F7DC43F76}.Release|iPhoneSimulator.ActiveCfg = Release|Any CPU
		{46F82A38-8234-457D-8A38-BC4F7DC43F76}.Release|iPhoneSimulator.Build.0 = Release|Any CPU
		{46F82A38-8234-457D-8A38-BC4F7DC43F76}.Release|iPhoneSimulator.Deploy.0 = Release|Any CPU
		{46F82A38-8234-457D-8A38-BC4F7DC43F76}.Release|x64.ActiveCfg = Release|Any CPU
		{46F82A38-8234-457D-8A38-BC4F7DC43F76}.Release|x64.Build.0 = Release|Any CPU
		{46F82A38-8234-457D-8A38-BC4F7DC43F76}.Release|x64.Deploy.0 = Release|Any CPU
		{46F82A38-8234-457D-8A38-BC4F7DC43F76}.Release|x86.ActiveCfg = Release|Any CPU
		{46F82A38-8234-457D-8A38-BC4F7DC43F76}.Release|x86.Build.0 = Release|Any CPU
		{46F82A38-8234-457D-8A38-BC4F7DC43F76}.Release|x86.Deploy.0 = Release|Any CPU
		{E950B27A-27E5-4499-8291-7E7C81F37587}.Debug|Any CPU.ActiveCfg = Debug|iPhone
		{E950B27A-27E5-4499-8291-7E7C81F37587}.Debug|ARM.ActiveCfg = Debug|iPhone
		{E950B27A-27E5-4499-8291-7E7C81F37587}.Debug|ARM64.ActiveCfg = Debug|iPhone
		{E950B27A-27E5-4499-8291-7E7C81F37587}.Debug|iPhone.ActiveCfg = Debug|iPhone
		{E950B27A-27E5-4499-8291-7E7C81F37587}.Debug|iPhone.Build.0 = Debug|iPhone
		{E950B27A-27E5-4499-8291-7E7C81F37587}.Debug|iPhoneSimulator.ActiveCfg = Debug|iPhoneSimulator
		{E950B27A-27E5-4499-8291-7E7C81F37587}.Debug|iPhoneSimulator.Build.0 = Debug|iPhoneSimulator
		{E950B27A-27E5-4499-8291-7E7C81F37587}.Debug|x64.ActiveCfg = Debug|iPhone
		{E950B27A-27E5-4499-8291-7E7C81F37587}.Debug|x86.ActiveCfg = Debug|iPhone
		{E950B27A-27E5-4499-8291-7E7C81F37587}.Release|Any CPU.ActiveCfg = Release|iPhone
		{E950B27A-27E5-4499-8291-7E7C81F37587}.Release|ARM.ActiveCfg = Release|iPhone
		{E950B27A-27E5-4499-8291-7E7C81F37587}.Release|ARM64.ActiveCfg = Release|iPhone
		{E950B27A-27E5-4499-8291-7E7C81F37587}.Release|iPhone.ActiveCfg = Release|iPhone
		{E950B27A-27E5-4499-8291-7E7C81F37587}.Release|iPhone.Build.0 = Release|iPhone
		{E950B27A-27E5-4499-8291-7E7C81F37587}.Release|iPhoneSimulator.ActiveCfg = Release|iPhoneSimulator
		{E950B27A-27E5-4499-8291-7E7C81F37587}.Release|iPhoneSimulator.Build.0 = Release|iPhoneSimulator
		{E950B27A-27E5-4499-8291-7E7C81F37587}.Release|x64.ActiveCfg = Release|iPhone
		{E950B27A-27E5-4499-8291-7E7C81F37587}.Release|x86.ActiveCfg = Release|iPhone
		{CC3990E9-3814-4509-9EF6-617AAAA14D8B}.Debug|Any CPU.ActiveCfg = Debug|Any CPU
		{CC3990E9-3814-4509-9EF6-617AAAA14D8B}.Debug|Any CPU.Build.0 = Debug|Any CPU
		{CC3990E9-3814-4509-9EF6-617AAAA14D8B}.Debug|ARM.ActiveCfg = Debug|Any CPU
		{CC3990E9-3814-4509-9EF6-617AAAA14D8B}.Debug|ARM.Build.0 = Debug|Any CPU
		{CC3990E9-3814-4509-9EF6-617AAAA14D8B}.Debug|ARM64.ActiveCfg = Debug|Any CPU
		{CC3990E9-3814-4509-9EF6-617AAAA14D8B}.Debug|ARM64.Build.0 = Debug|Any CPU
		{CC3990E9-3814-4509-9EF6-617AAAA14D8B}.Debug|iPhone.ActiveCfg = Debug|Any CPU
		{CC3990E9-3814-4509-9EF6-617AAAA14D8B}.Debug|iPhone.Build.0 = Debug|Any CPU
		{CC3990E9-3814-4509-9EF6-617AAAA14D8B}.Debug|iPhoneSimulator.ActiveCfg = Debug|Any CPU
		{CC3990E9-3814-4509-9EF6-617AAAA14D8B}.Debug|iPhoneSimulator.Build.0 = Debug|Any CPU
		{CC3990E9-3814-4509-9EF6-617AAAA14D8B}.Debug|x64.ActiveCfg = Debug|Any CPU
		{CC3990E9-3814-4509-9EF6-617AAAA14D8B}.Debug|x64.Build.0 = Debug|Any CPU
		{CC3990E9-3814-4509-9EF6-617AAAA14D8B}.Debug|x86.ActiveCfg = Debug|Any CPU
		{CC3990E9-3814-4509-9EF6-617AAAA14D8B}.Debug|x86.Build.0 = Debug|Any CPU
		{CC3990E9-3814-4509-9EF6-617AAAA14D8B}.Release|Any CPU.ActiveCfg = Release|Any CPU
		{CC3990E9-3814-4509-9EF6-617AAAA14D8B}.Release|Any CPU.Build.0 = Release|Any CPU
		{CC3990E9-3814-4509-9EF6-617AAAA14D8B}.Release|ARM.ActiveCfg = Release|Any CPU
		{CC3990E9-3814-4509-9EF6-617AAAA14D8B}.Release|ARM.Build.0 = Release|Any CPU
		{CC3990E9-3814-4509-9EF6-617AAAA14D8B}.Release|ARM64.ActiveCfg = Release|Any CPU
		{CC3990E9-3814-4509-9EF6-617AAAA14D8B}.Release|ARM64.Build.0 = Release|Any CPU
		{CC3990E9-3814-4509-9EF6-617AAAA14D8B}.Release|iPhone.ActiveCfg = Release|Any CPU
		{CC3990E9-3814-4509-9EF6-617AAAA14D8B}.Release|iPhone.Build.0 = Release|Any CPU
		{CC3990E9-3814-4509-9EF6-617AAAA14D8B}.Release|iPhoneSimulator.ActiveCfg = Release|Any CPU
		{CC3990E9-3814-4509-9EF6-617AAAA14D8B}.Release|iPhoneSimulator.Build.0 = Release|Any CPU
		{CC3990E9-3814-4509-9EF6-617AAAA14D8B}.Release|x64.ActiveCfg = Release|Any CPU
		{CC3990E9-3814-4509-9EF6-617AAAA14D8B}.Release|x64.Build.0 = Release|Any CPU
		{CC3990E9-3814-4509-9EF6-617AAAA14D8B}.Release|x86.ActiveCfg = Release|Any CPU
		{CC3990E9-3814-4509-9EF6-617AAAA14D8B}.Release|x86.Build.0 = Release|Any CPU
	EndGlobalSection
	GlobalSection(SolutionProperties) = preSolution
		HideSolutionNode = FALSE
	EndGlobalSection
	GlobalSection(ExtensibilityGlobals) = postSolution
		SolutionGuid = {8F50A0EE-7776-4A29-AEA0-618EA4C5EEC6}
	EndGlobalSection
EndGlobal
